{
  "lockfile_version": "1",
  "packages": {
    "github:NixOS/nixpkgs/nixpkgs-unstable": {
      "last_modified": "2025-12-27T21:13:36Z",
      "resolved": "github:NixOS/nixpkgs/5c2bc52fb9f8c264ed6c93bd20afa2ff5e763dce?lastModified=1766870016&narHash=sha256-fHmxAesa6XNqnIkcS6%2BnIHuEmgd%2FiZSP%2FVXxweiEuQw%3D"
    },
    "kcov@latest": {
      "last_modified": "2026-02-23T15:40:43Z",
      "resolved": "github:NixOS/nixpkgs/80d901ec0377e19ac3f7bb8c035201e2e098cc97#kcov",
      "source": "devbox-search",
      "version": "43",
      "systems": {
        "aarch64-linux": {
          "outputs": [
            {
              "name": "out",
              "path": "/nix/store/x3r168xx4sd1wz4cxaqpv3s5dbpa3ygb-kcov-43",
              "default": true
            }
          ],
          "store_path": "/nix/store/x3r168xx4sd1wz4cxaqpv3s5dbpa3ygb-kcov-43"
        },
        "x86_64-linux": {
          "outputs": [
            {
              "name": "out",
              "path": "/nix/store/nlsa0kaww3xvscyz5x666hvygrwja27b-kcov-43",
              "default": true
            }
          ],
          "store_path": "/nix/store/nlsa0kaww3xvscyz5x666hvygrwja27b-kcov-43"
        }
      }
    },
    "ruby@3.4": {
      "last_modified": "2025-12-31T03:27:36Z",
      "plugin_version": "0.0.2",
      "resolved": "github:NixOS/nixpkgs/f665af0cdb70ed27e1bd8f9fdfecaf451260fc55#ruby_3_4",
      "source": "devbox-search",
      "version": "3.4.8",
      "systems": {
        "aarch64-darwin": {
          "outputs": [
            {
              "name": "out",
              "path": "/nix/store/wsrnc2byfbi6b7f7igfbpx0l2jbyvdy1-ruby-3.4.8",
              "default": true
            },
            {
              "name": "devdoc",
              "path": "/nix/store/a5ds44bp505kvymhb3kqxlb3cpvmwp2w-ruby-3.4.8-devdoc"
            }
          ],
          "store_path": "/nix/store/wsrnc2byfbi6b7f7igfbpx0l2jbyvdy1-ruby-3.4.8"
        },
        "aarch64-linux": {
          "outputs": [
            {
              "name": "out",
              "path": "/nix/store/azxi2hf2y7yi0pizsanrw2cmh9drhhi3-ruby-3.4.8",
              "default": true
            },
            {
              "name": "devdoc",
              "path": "/nix/store/3l7fhhpshf5hdjnrbpap3y6q0zk98nc8-ruby-3.4.8-devdoc"
            }
          ],
          "store_path": "/nix/store/azxi2hf2y7yi0pizsanrw2cmh9drhhi3-ruby-3.4.8"
        },
        "x86_64-darwin": {
          "outputs": [
            {
              "name": "out",
              "path": "/nix/store/gyksddsdp5zclz5axhaivl75caqs7m37-ruby-3.4.8",
              "default": true
            },
            {
              "name": "devdoc",
              "path": "/nix/store/mc8iqwws2y02cfz9ic5vk577vm2znh30-ruby-3.4.8-devdoc"
            }
          ],
          "store_path": "/nix/store/gyksddsdp5zclz5axhaivl75caqs7m37-ruby-3.4.8"
        },
        "x86_64-linux": {
          "outputs": [
            {
              "name": "out",
              "path": "/nix/store/1861cbsysxfwvg5lbdp61al76dqlw9ih-ruby-3.4.8",
              "default": true
            },
            {
              "name": "devdoc",
              "path": "/nix/store/7h1x2pcpc05h8a0z6qfcyc0pg4da2kqy-ruby-3.4.8-devdoc"
            }
          ],
          "store_path": "/nix/store/1861cbsysxfwvg5lbdp61al76dqlw9ih-ruby-3.4.8"
        }
      }
    },
    "zig@latest": {
      "last_modified": "2025-11-23T21:50:36Z",
      "resolved": "github:NixOS/nixpkgs/ee09932cedcef15aaf476f9343d1dea2cb77e261#zig",
      "source": "devbox-search",
      "version": "0.15.2",
      "systems": {
        "aarch64-darwin": {
          "outputs": [
            {
              "name": "out",
              "path": "/nix/store/h5zqw1lr8i0pwqpkkl3lbid06f9dprw0-zig-0.15.2",
              "default": true
            },
            {
              "name": "doc",
              "path": "/nix/store/pkr2y19zac7gls2mr5fjwkxr9kbj632h-zig-0.15.2-doc"
            }
          ],
          "store_path": "/nix/store/h5zqw1lr8i0pwqpkkl3lbid06f9dprw0-zig-0.15.2"
        },
        "aarch64-linux": {
          "outputs": [
            {
              "name": "out",
              "path": "/nix/store/qn6da3g7qdwdxd2csdm1aj25zilkcl30-zig-0.15.2",
              "default": true
            },
            {
              "name": "doc",
              "path": "/nix/store/j22h1s5gc972wvsqzqj0m5vzrcqkd676-zig-0.15.2-doc"
            }
          ],
          "store_path": "/nix/store/qn6da3g7qdwdxd2csdm1aj25zilkcl30-zig-0.15.2"
        },
        "x86_64-darwin": {
          "outputs": [
            {
              "name": "out",
              "path": "/nix/store/fqhwfl5pyh3359naslzswsaw9ng51gly-zig-0.15.2",
              "default": true
            },
            {
              "name": "doc",
              "path": "/nix/store/jipcmr5blz3nxwncl1lxy5cvsfiq8w40-zig-0.15.2-doc"
            }
          ],
          "store_path": "/nix/store/fqhwfl5pyh3359naslzswsaw9ng51gly-zig-0.15.2"
        },
        "x86_64-linux": {
          "outputs": [
            {
              "name": "out",
              "path": "/nix/store/iyv5lnq9cwlsixg357zv8zcp4pv2q7ml-zig-0.15.2",
              "default": true
            },
            {
              "name": "doc",
              "path": "/nix/store/vssw4zdhhvjlgmjkxwws8q8vz7fyxd92-zig-0.15.2-doc"
            }
          ],
          "store_path": "/nix/store/iyv5lnq9cwlsixg357zv8zcp4pv2q7ml-zig-0.15.2"
        }
      }
    }
  }
}
